
Microsoft Visual Studio Solution File, Format Version 12.00
# Visual Studio Version 16
VisualStudioVersion = 16.0.29709.97
MinimumVisualStudioVersion = 10.0.40219.1
Project("{FAE04EC0-301F-11D3-BF4B-00C04F79EFBC}") = "Sol_Demo", "Sol_Demo\Sol_Demo.csproj", "{81B712CB-6612-4CF8-91E6-13D40CADFA69}"
EndProject
Global
	GlobalSection(SolutionConfigurationPlatforms) = preSolution
		Debug|Any CPU = Debug|Any CPU
		Release|Any CPU = Release|Any CPU
	EndGlobalSection
	GlobalSection(ProjectConfigurationPlatforms) = postSolution
		{81B712CB-6612-4CF8-91E6-13D40CADFA69}.Debug|Any CPU.ActiveCfg = Debug|Any CPU
		{81B712CB-6612-4CF8-91E6-13D40CADFA69}.Debug|Any CPU.Build.0 = Debug|Any CPU
		{81B712CB-6612-4CF8-91E6-13D40CADFA69}.Release|Any CPU.ActiveCfg = Release|Any CPU
		{81B712CB-6612-4CF8-91E6-13D40CADFA69}.Release|Any CPU.Build.0 = Release|Any CPU
	EndGlobalSection
	GlobalSection(SolutionProperties) = preSolution
		HideSolutionNode = FALSE
	EndGlobalSection
	GlobalSection(ExtensibilityGlobals) = postSolution
		SolutionGuid = {A6BE18A7-106C-4676-B84E-DA1972F0B247}
	EndGlobalSection
EndGlobal
